// !$*UTF8*$!
{
	archiveVersion = 1;
	classes = {
	};
	objectVersion = 46;
	objects = {

/* Begin PBXBuildFile section */
		339684BC1DE75D4B005C6ABB /* AppDelegate.swift in Sources */ = {isa = PBXBuildFile; fileRef = 339684BB1DE75D4B005C6ABB /* AppDelegate.swift */; };
		339684BE1DE75D4B005C6ABB /* ViewController.swift in Sources */ = {isa = PBXBuildFile; fileRef = 339684BD1DE75D4B005C6ABB /* ViewController.swift */; };
		339684C11DE75D4B005C6ABB /* Main.storyboard in Resources */ = {isa = PBXBuildFile; fileRef = 339684BF1DE75D4B005C6ABB /* Main.storyboard */; };
		339684C31DE75D4B005C6ABB /* Assets.xcassets in Resources */ = {isa = PBXBuildFile; fileRef = 339684C21DE75D4B005C6ABB /* Assets.xcassets */; };
		339684C61DE75D4B005C6ABB /* LaunchScreen.storyboard in Resources */ = {isa = PBXBuildFile; fileRef = 339684C41DE75D4B005C6ABB /* LaunchScreen.storyboard */; };
		339684D11DE75D4B005C6ABB /* TresEnRayaTests.swift in Sources */ = {isa = PBXBuildFile; fileRef = 339684D01DE75D4B005C6ABB /* TresEnRayaTests.swift */; };
		339684DC1DE75D4B005C6ABB /* TresEnRayaUITests.swift in Sources */ = {isa = PBXBuildFile; fileRef = 339684DB1DE75D4B005C6ABB /* TresEnRayaUITests.swift */; };
		339684EA1DE75DCC005C6ABB /* 3raya.jpg in Resources */ = {isa = PBXBuildFile; fileRef = 339684E91DE75DCC005C6ABB /* 3raya.jpg */; };
		339684EC1DE763AA005C6ABB /* Torracat.png in Resources */ = {isa = PBXBuildFile; fileRef = 339684EB1DE763AA005C6ABB /* Torracat.png */; };
		339684EE1DE763B0005C6ABB /* Rowlet.png in Resources */ = {isa = PBXBuildFile; fileRef = 339684ED1DE763B0005C6ABB /* Rowlet.png */; };
/* End PBXBuildFile section */

/* Begin PBXContainerItemProxy section */
		339684CD1DE75D4B005C6ABB /* PBXContainerItemProxy */ = {
			isa = PBXContainerItemProxy;
			containerPortal = 339684B01DE75D4B005C6ABB /* Project object */;
			proxyType = 1;
			remoteGlobalIDString = 339684B71DE75D4B005C6ABB;
			remoteInfo = TresEnRaya;
		};
		339684D81DE75D4B005C6ABB /* PBXContainerItemProxy */ = {
			isa = PBXContainerItemProxy;
			containerPortal = 339684B01DE75D4B005C6ABB /* Project object */;
			proxyType = 1;
			remoteGlobalIDString = 339684B71DE75D4B005C6ABB;
			remoteInfo = TresEnRaya;
		};
/* End PBXContainerItemProxy section */

/* Begin PBXFileReference section */
		339684B81DE75D4B005C6ABB /* TresEnRaya.app */ = {isa = PBXFileReference; explicitFileType = wrapper.application; includeInIndex = 0; path = TresEnRaya.app; sourceTree = BUILT_PRODUCTS_DIR; };
		339684BB1DE75D4B005C6ABB /* AppDelegate.swift */ = {isa = PBXFileReference; lastKnownFileType = sourcecode.swift; path = AppDelegate.swift; sourceTree = "<group>"; };
		339684BD1DE75D4B005C6ABB /* ViewController.swift */ = {isa = PBXFileReference; lastKnownFileType = sourcecode.swift; path = ViewController.swift; sourceTree = "<group>"; };
		339684C01DE75D4B005C6ABB /* Base */ = {isa = PBXFileReference; lastKnownFileType = file.storyboard; name = Base; path = Base.lproj/Main.storyboard; sourceTree = "<group>"; };
		339684C21DE75D4B005C6ABB /* Assets.xcassets */ = {isa = PBXFileReference; lastKnownFileType = folder.assetcatalog; path = Assets.xcassets; sourceTree = "<group>"; };
		339684C51DE75D4B005C6ABB /* Base */ = {isa = PBXFileReference; lastKnownFileType = file.storyboard; name = Base; path = Base.lproj/LaunchScreen.storyboard; sourceTree = "<group>"; };
		339684C71DE75D4B005C6ABB /* Info.plist */ = {isa = PBXFileReference; lastKnownFileType = text.plist.xml; path = Info.plist; sourceTree = "<group>"; };
		339684CC1DE75D4B005C6ABB /* TresEnRayaTests.xctest */ = {isa = PBXFileReference; explicitFileType = wrapper.cfbundle; includeInIndex = 0; path = TresEnRayaTests.xctest; sourceTree = BUILT_PRODUCTS_DIR; };
		339684D01DE75D4B005C6ABB /* TresEnRayaTests.swift */ = {isa = PBXFileReference; lastKnownFileType = sourcecode.swift; path = TresEnRayaTests.swift; sourceTree = "<group>"; };
		339684D21DE75D4B005C6ABB /* Info.plist */ = {isa = PBXFileReference; lastKnownFileType = text.plist.xml; path = Info.plist; sourceTree = "<group>"; };
		339684D71DE75D4B005C6ABB /* TresEnRayaUITests.xctest */ = {isa = PBXFileReference; explicitFileType = wrapper.cfbundle; includeInIndex = 0; path = TresEnRayaUITests.xctest; sourceTree = BUILT_PRODUCTS_DIR; };
		339684DB1DE75D4B005C6ABB /* TresEnRayaUITests.swift */ = {isa = PBXFileReference; lastKnownFileType = sourcecode.swift; path = TresEnRayaUITests.swift; sourceTree = "<group>"; };
		339684DD1DE75D4B005C6ABB /* Info.plist */ = {isa = PBXFileReference; lastKnownFileType = text.plist.xml; path = Info.plist; sourceTree = "<group>"; };
		339684E91DE75DCC005C6ABB /* 3raya.jpg */ = {isa = PBXFileReference; lastKnownFileType = image.jpeg; path = 3raya.jpg; sourceTree = "<group>"; };
		339684EB1DE763AA005C6ABB /* Torracat.png */ = {isa = PBXFileReference; lastKnownFileType = image.png; path = Torracat.png; sourceTree = "<group>"; };
		339684ED1DE763B0005C6ABB /* Rowlet.png */ = {isa = PBXFileReference; lastKnownFileType = image.png; path = Rowlet.png; sourceTree = "<group>"; };
/* End PBXFileReference section */

/* Begin PBXFrameworksBuildPhase section */
		339684B51DE75D4B005C6ABB /* Frameworks */ = {
			isa = PBXFrameworksBuildPhase;
			buildActionMask = 2147483647;
			files = (
			);
			runOnlyForDeploymentPostprocessing = 0;
		};
		339684C91DE75D4B005C6ABB /* Frameworks */ = {
			isa = PBXFrameworksBuildPhase;
			buildActionMask = 2147483647;
			files = (
			);
			runOnlyForDeploymentPostprocessing = 0;
		};
		339684D41DE75D4B005C6ABB /* Frameworks */ = {
			isa = PBXFrameworksBuildPhase;
			buildActionMask = 2147483647;
			files = (
			);
			runOnlyForDeploymentPostprocessing = 0;
		};
/* End PBXFrameworksBuildPhase section */

/* Begin PBXGroup section */
		339684AF1DE75D4B005C6ABB = {
			isa = PBXGroup;
			children = (
				339684BA1DE75D4B005C6ABB /* TresEnRaya */,
				339684CF1DE75D4B005C6ABB /* TresEnRayaTests */,
				339684DA1DE75D4B005C6ABB /* TresEnRayaUITests */,
				339684B91DE75D4B005C6ABB /* Products */,
			);
			sourceTree = "<group>";
		};
		339684B91DE75D4B005C6ABB /* Products */ = {
			isa = PBXGroup;
			children = (
				339684B81DE75D4B005C6ABB /* TresEnRaya.app */,
				339684CC1DE75D4B005C6ABB /* TresEnRayaTests.xctest */,
				339684D71DE75D4B005C6ABB /* TresEnRayaUITests.xctest */,
			);
			name = Products;
			sourceTree = "<group>";
		};
		339684BA1DE75D4B005C6ABB /* TresEnRaya */ = {
			isa = PBXGroup;
			children = (
				339684BB1DE75D4B005C6ABB /* AppDelegate.swift */,
				339684BD1DE75D4B005C6ABB /* ViewController.swift */,
				339684BF1DE75D4B005C6ABB /* Main.storyboard */,
				339684E91DE75DCC005C6ABB /* 3raya.jpg */,
				339684ED1DE763B0005C6ABB /* Rowlet.png */,
				339684EB1DE763AA005C6ABB /* Torracat.png */,
				339684C21DE75D4B005C6ABB /* Assets.xcassets */,
				339684C41DE75D4B005C6ABB /* LaunchScreen.storyboard */,
				339684C71DE75D4B005C6ABB /* Info.plist */,
			);
			path = TresEnRaya;
			sourceTree = "<group>";
		};
		339684CF1DE75D4B005C6ABB /* TresEnRayaTests */ = {
			isa = PBXGroup;
			children = (
				339684D01DE75D4B005C6ABB /* TresEnRayaTests.swift */,
				339684D21DE75D4B005C6ABB /* Info.plist */,
			);
			path = TresEnRayaTests;
			sourceTree = "<group>";
		};
		339684DA1DE75D4B005C6ABB /* TresEnRayaUITests */ = {
			isa = PBXGroup;
			children = (
				339684DB1DE75D4B005C6ABB /* TresEnRayaUITests.swift */,
				339684DD1DE75D4B005C6ABB /* Info.plist */,
			);
			path = TresEnRayaUITests;
			sourceTree = "<group>";
		};
/* End PBXGroup section */

/* Begin PBXNativeTarget section */
		339684B71DE75D4B005C6ABB /* TresEnRaya */ = {
			isa = PBXNativeTarget;
			buildConfigurationList = 339684E01DE75D4B005C6ABB /* Build configuration list for PBXNativeTarget "TresEnRaya" */;
			buildPhases = (
				339684B41DE75D4B005C6ABB /* Sources */,
				339684B51DE75D4B005C6ABB /* Frameworks */,
				339684B61DE75D4B005C6ABB /* Resources */,
			);
			buildRules = (
			);
			dependencies = (
			);
			name = TresEnRaya;
			productName = TresEnRaya;
			productReference = 339684B81DE75D4B005C6ABB /* TresEnRaya.app */;
			productType = "com.apple.product-type.application";
		};
		339684CB1DE75D4B005C6ABB /* TresEnRayaTests */ = {
			isa = PBXNativeTarget;
			buildConfigurationList = 339684E31DE75D4B005C6ABB /* Build configuration list for PBXNativeTarget "TresEnRayaTests" */;
			buildPhases = (
				339684C81DE75D4B005C6ABB /* Sources */,
				339684C91DE75D4B005C6ABB /* Frameworks */,
				339684CA1DE75D4B005C6ABB /* Resources */,
			);
			buildRules = (
			);
			dependencies = (
				339684CE1DE75D4B005C6ABB /* PBXTargetDependency */,
			);
			name = TresEnRayaTests;
			productName = TresEnRayaTests;
			productReference = 339684CC1DE75D4B005C6ABB /* TresEnRayaTests.xctest */;
			productType = "com.apple.product-type.bundle.unit-test";
		};
		339684D61DE75D4B005C6ABB /* TresEnRayaUITests */ = {
			isa = PBXNativeTarget;
			buildConfigurationList = 339684E61DE75D4B005C6ABB /* Build configuration list for PBXNativeTarget "TresEnRayaUITests" */;
			buildPhases = (
				339684D31DE75D4B005C6ABB /* Sources */,
				339684D41DE75D4B005C6ABB /* Frameworks */,
				339684D51DE75D4B005C6ABB /* Resources */,
			);
			buildRules = (
			);
			dependencies = (
				339684D91DE75D4B005C6ABB /* PBXTargetDependency */,
			);
			name = TresEnRayaUITests;
			productName = TresEnRayaUITests;
			productReference = 339684D71DE75D4B005C6ABB /* TresEnRayaUITests.xctest */;
			productType = "com.apple.product-type.bundle.ui-testing";
		};
/* End PBXNativeTarget section */

/* Begin PBXProject section */
		339684B01DE75D4B005C6ABB /* Project object */ = {
			isa = PBXProject;
			attributes = {
				LastSwiftUpdateCheck = 0800;
				LastUpgradeCheck = 0800;
				ORGANIZATIONNAME = Sheila;
				TargetAttributes = {
					339684B71DE75D4B005C6ABB = {
						CreatedOnToolsVersion = 8.0;
						ProvisioningStyle = Automatic;
					};
					339684CB1DE75D4B005C6ABB = {
						CreatedOnToolsVersion = 8.0;
						ProvisioningStyle = Automatic;
						TestTargetID = 339684B71DE75D4B005C6ABB;
					};
					339684D61DE75D4B005C6ABB = {
						CreatedOnToolsVersion = 8.0;
						ProvisioningStyle = Automatic;
						TestTargetID = 339684B71DE75D4B005C6ABB;
					};
				};
			};
			buildConfigurationList = 339684B31DE75D4B005C6ABB /* Build configuration list for PBXProject "TresEnRaya" */;
			compatibilityVersion = "Xcode 3.2";
			developmentRegion = English;
			hasScannedForEncodings = 0;
			knownRegions = (
				en,
				Base,
			);
			mainGroup = 339684AF1DE75D4B005C6ABB;
			productRefGroup = 339684B91DE75D4B005C6ABB /* Products */;
			projectDirPath = "";
			projectRoot = "";
			targets = (
				339684B71DE75D4B005C6ABB /* TresEnRaya */,
				339684CB1DE75D4B005C6ABB /* TresEnRayaTests */,
				339684D61DE75D4B005C6ABB /* TresEnRayaUITests */,
			);
		};
/* End PBXProject section */

/* Begin PBXResourcesBuildPhase section */
		339684B61DE75D4B005C6ABB /* Resources */ = {
			isa = PBXResourcesBuildPhase;
			buildActionMask = 2147483647;
			files = (
				339684EA1DE75DCC005C6ABB /* 3raya.jpg in Resources */,
				339684C61DE75D4B005C6ABB /* LaunchScreen.storyboard in Resources */,
				339684EE1DE763B0005C6ABB /* Rowlet.png in Resources */,
				339684EC1DE763AA005C6ABB /* Torracat.png in Resources */,
				339684C31DE75D4B005C6ABB /* Assets.xcassets in Resources */,
				339684C11DE75D4B005C6ABB /* Main.storyboard in Resources */,
			);
			runOnlyForDeploymentPostprocessing = 0;
		};
		339684CA1DE75D4B005C6ABB /* Resources */ = {
			isa = PBXResourcesBuildPhase;
			buildActionMask = 2147483647;
			files = (
			);
			runOnlyForDeploymentPostprocessing = 0;
		};
		339684D51DE75D4B005C6ABB /* Resources */ = {
			isa = PBXResourcesBuildPhase;
			buildActionMask = 2147483647;
			files = (
			);
			runOnlyForDeploymentPostprocessing = 0;
		};
/* End PBXResourcesBuildPhase section */

/* Begin PBXSourcesBuildPhase section */
		339684B41DE75D4B005C6ABB /* Sources */ = {
			isa = PBXSourcesBuildPhase;
			buildActionMask = 2147483647;
			files = (
				339684BE1DE75D4B005C6ABB /* ViewController.swift in Sources */,
				339684BC1DE75D4B005C6ABB /* AppDelegate.swift in Sources */,
			);
			runOnlyForDeploymentPostprocessing = 0;
		};
		339684C81DE75D4B005C6ABB /* Sources */ = {
			isa = PBXSourcesBuildPhase;
			buildActionMask = 2147483647;
			files = (
				339684D11DE75D4B005C6ABB /* TresEnRayaTests.swift in Sources */,
			);
			runOnlyForDeploymentPostprocessing = 0;
		};
		339684D31DE75D4B005C6ABB /* Sources */ = {
			isa = PBXSourcesBuildPhase;
			buildActionMask = 2147483647;
			files = (
				339684DC1DE75D4B005C6ABB /* TresEnRayaUITests.swift in Sources */,
			);
			runOnlyForDeploymentPostprocessing = 0;
		};
/* End PBXSourcesBuildPhase section */

/* Begin PBXTargetDependency section */
		339684CE1DE75D4B005C6ABB /* PBXTargetDependency */ = {
			isa = PBXTargetDependency;
			target = 339684B71DE75D4B005C6ABB /* TresEnRaya */;
			targetProxy = 339684CD1DE75D4B005C6ABB /* PBXContainerItemProxy */;
		};
		339684D91DE75D4B005C6ABB /* PBXTargetDependency */ = {
			isa = PBXTargetDependency;
			target = 339684B71DE75D4B005C6ABB /* TresEnRaya */;
			targetProxy = 339684D81DE75D4B005C6ABB /* PBXContainerItemProxy */;
		};
/* End PBXTargetDependency section */

/* Begin PBXVariantGroup section */
		339684BF1DE75D4B005C6ABB /* Main.storyboard */ = {
			isa = PBXVariantGroup;
			children = (
				339684C01DE75D4B005C6ABB /* Base */,
			);
			name = Main.storyboard;
			sourceTree = "<group>";
		};
		339684C41DE75D4B005C6ABB /* LaunchScreen.storyboard */ = {
			isa = PBXVariantGroup;
			children = (
				339684C51DE75D4B005C6ABB /* Base */,
			);
			name = LaunchScreen.storyboard;
			sourceTree = "<group>";
		};
/* End PBXVariantGroup section */

/* Begin XCBuildConfiguration section */
		339684DE1DE75D4B005C6ABB /* Debug */ = {
			isa = XCBuildConfiguration;
			buildSettings = {
				ALWAYS_SEARCH_USER_PATHS = NO;
				CLANG_ANALYZER_NONNULL = YES;
				CLANG_CXX_LANGUAGE_STANDARD = "gnu++0x";
				CLANG_CXX_LIBRARY = "libc++";
				CLANG_ENABLE_MODULES = YES;
				CLANG_ENABLE_OBJC_ARC = YES;
				CLANG_WARN_BOOL_CONVERSION = YES;
				CLANG_WARN_CONSTANT_CONVERSION = YES;
				CLANG_WARN_DIRECT_OBJC_ISA_USAGE = YES_ERROR;
				CLANG_WARN_DOCUMENTATION_COMMENTS = YES;
				CLANG_WARN_EMPTY_BODY = YES;
				CLANG_WARN_ENUM_CONVERSION = YES;
				CLANG_WARN_INFINITE_RECURSION = YES;
				CLANG_WARN_INT_CONVERSION = YES;
				CLANG_WARN_OBJC_ROOT_CLASS = YES_ERROR;
				CLANG_WARN_SUSPICIOUS_MOVES = YES;
				CLANG_WARN_UNREACHABLE_CODE = YES;
				CLANG_WARN__DUPLICATE_METHOD_MATCH = YES;
				"CODE_SIGN_IDENTITY[sdk=iphoneos*]" = "iPhone Developer";
				COPY_PHASE_STRIP = NO;
				DEBUG_INFORMATION_FORMAT = dwarf;
				ENABLE_STRICT_OBJC_MSGSEND = YES;
				ENABLE_TESTABILITY = YES;
				GCC_C_LANGUAGE_STANDARD = gnu99;
				GCC_DYNAMIC_NO_PIC = NO;
				GCC_NO_COMMON_BLOCKS = YES;
				GCC_OPTIMIZATION_LEVEL = 0;
				GCC_PREPROCESSOR_DEFINITIONS = (
					"DEBUG=1",
					"$(inherited)",
				);
				GCC_WARN_64_TO_32_BIT_CONVERSION = YES;
				GCC_WARN_ABOUT_RETURN_TYPE = YES_ERROR;
				GCC_WARN_UNDECLARED_SELECTOR = YES;
				GCC_WARN_UNINITIALIZED_AUTOS = YES_AGGRESSIVE;
				GCC_WARN_UNUSED_FUNCTION = YES;
				GCC_WARN_UNUSED_VARIABLE = YES;
				IPHONEOS_DEPLOYMENT_TARGET = 10.0;
				MTL_ENABLE_DEBUG_INFO = YES;
				ONLY_ACTIVE_ARCH = YES;
				SDKROOT = iphoneos;
				SWIFT_ACTIVE_COMPILATION_CONDITIONS = DEBUG;
				SWIFT_OPTIMIZATION_LEVEL = "-Onone";
				TARGETED_DEVICE_FAMILY = "1,2";
			};
			name = Debug;
		};
		339684DF1DE75D4B005C6ABB /* Release */ = {
			isa = XCBuildConfiguration;
			buildSettings = {
				ALWAYS_SEARCH_USER_PATHS = NO;
				CLANG_ANALYZER_NONNULL = YES;
				CLANG_CXX_LANGUAGE_STANDARD = "gnu++0x";
				CLANG_CXX_LIBRARY = "libc++";
				CLANG_ENABLE_MODULES = YES;
				CLANG_ENABLE_OBJC_ARC = YES;
				CLANG_WARN_BOOL_CONVERSION = YES;
				CLANG_WARN_CONSTANT_CONVERSION = YES;
				CLANG_WARN_DIRECT_OBJC_ISA_USAGE = YES_ERROR;
				CLANG_WARN_DOCUMENTATION_COMMENTS = YES;
				CLANG_WARN_EMPTY_BODY = YES;
				CLANG_WARN_ENUM_CONVERSION = YES;
				CLANG_WARN_INFINITE_RECURSION = YES;
				CLANG_WARN_INT_CONVERSION = YES;
				CLANG_WARN_OBJC_ROOT_CLASS = YES_ERROR;
				CLANG_WARN_SUSPICIOUS_MOVES = YES;
				CLANG_WARN_UNREACHABLE_CODE = YES;
				CLANG_WARN__DUPLICATE_METHOD_MATCH = YES;
				"CODE_SIGN_IDENTITY[sdk=iphoneos*]" = "iPhone Developer";
				COPY_PHASE_STRIP = NO;
				DEBUG_INFORMATION_FORMAT = "dwarf-with-dsym";
				ENABLE_NS_ASSERTIONS = NO;
				ENABLE_STRICT_OBJC_MSGSEND = YES;
				GCC_C_LANGUAGE_STANDARD = gnu99;
				GCC_NO_COMMON_BLOCKS = YES;
				GCC_WARN_64_TO_32_BIT_CONVERSION = YES;
				GCC_WARN_ABOUT_RETURN_TYPE = YES_ERROR;
				GCC_WARN_UNDECLARED_SELECTOR = YES;
				GCC_WARN_UNINITIALIZED_AUTOS = YES_AGGRESSIVE;
				GCC_WARN_UNUSED_FUNCTION = YES;
				GCC_WARN_UNUSED_VARIABLE = YES;
				IPHONEOS_DEPLOYMENT_TARGET = 10.0;
				MTL_ENABLE_DEBUG_INFO = NO;
				SDKROOT = iphoneos;
				SWIFT_OPTIMIZATION_LEVEL = "-Owholemodule";
				TARGETED_DEVICE_FAMILY = "1,2";
				VALIDATE_PRODUCT = YES;
			};
			name = Release;
		};
		339684E11DE75D4B005C6ABB /* Debug */ = {
			isa = XCBuildConfiguration;
			buildSettings = {
				ASSETCATALOG_COMPILER_APPICON_NAME = AppIcon;
				INFOPLIST_FILE = TresEnRaya/Info.plist;
				LD_RUNPATH_SEARCH_PATHS = "$(inherited) @executable_path/Frameworks";
				PRODUCT_BUNDLE_IDENTIFIER = Sheila.TresEnRaya;
				PRODUCT_NAME = "$(TARGET_NAME)";
				SWIFT_VERSION = 3.0;
			};
			name = Debug;
		};
		339684E21DE75D4B005C6ABB /* Release */ = {
			isa = XCBuildConfiguration;
			buildSettings = {
				ASSETCATALOG_COMPILER_APPICON_NAME = AppIcon;
				INFOPLIST_FILE = TresEnRaya/Info.plist;
				LD_RUNPATH_SEARCH_PATHS = "$(inherited) @executable_path/Frameworks";
				PRODUCT_BUNDLE_IDENTIFIER = Sheila.TresEnRaya;
				PRODUCT_NAME = "$(TARGET_NAME)";
				SWIFT_VERSION = 3.0;
			};
			name = Release;
		};
		339684E41DE75D4B005C6ABB /* Debug */ = {
			isa = XCBuildConfiguration;
			buildSettings = {
				ALWAYS_EMBED_SWIFT_STANDARD_LIBRARIES = YES;
				BUNDLE_LOADER = "$(TEST_HOST)";
				INFOPLIST_FILE = TresEnRayaTests/Info.plist;
				LD_RUNPATH_SEARCH_PATHS = "$(inherited) @executable_path/Frameworks @loader_path/Frameworks";
				PRODUCT_BUNDLE_IDENTIFIER = Sheila.TresEnRayaTests;
				PRODUCT_NAME = "$(TARGET_NAME)";
				SWIFT_VERSION = 3.0;
				TEST_HOST = "$(BUILT_PRODUCTS_DIR)/TresEnRaya.app/TresEnRaya";
			};
			name = Debug;
		};
		339684E51DE75D4B005C6ABB /* Release */ = {
			isa = XCBuildConfiguration;
			buildSettings = {
				ALWAYS_EMBED_SWIFT_STANDARD_LIBRARIES = YES;
				BUNDLE_LOADER = "$(TEST_HOST)";
				INFOPLIST_FILE = TresEnRayaTests/Info.plist;
				LD_RUNPATH_SEARCH_PATHS = "$(inherited) @executable_path/Frameworks @loader_path/Frameworks";
				PRODUCT_BUNDLE_IDENTIFIER = Sheila.TresEnRayaTests;
				PRODUCT_NAME = "$(TARGET_NAME)";
				SWIFT_VERSION = 3.0;
				TEST_HOST = "$(BUILT_PRODUCTS_DIR)/TresEnRaya.app/TresEnRaya";
			};
			name = Release;
		};
		339684E71DE75D4B005C6ABB /* Debug */ = {
			isa = XCBuildConfiguration;
			buildSettings = {
				ALWAYS_EMBED_SWIFT_STANDARD_LIBRARIES = YES;
				INFOPLIST_FILE = TresEnRayaUITests/Info.plist;
				LD_RUNPATH_SEARCH_PATHS = "$(inherited) @executable_path/Frameworks @loader_path/Frameworks";
				PRODUCT_BUNDLE_IDENTIFIER = Sheila.TresEnRayaUITests;
				PRODUCT_NAME = "$(TARGET_NAME)";
				SWIFT_VERSION = 3.0;
				TEST_TARGET_NAME = TresEnRaya;
			};
			name = Debug;
		};
		339684E81DE75D4B005C6ABB /* Release */ = {
			isa = XCBuildConfiguration;
			buildSettings = {
				ALWAYS_EMBED_SWIFT_STANDARD_LIBRARIES = YES;
				INFOPLIST_FILE = TresEnRayaUITests/Info.plist;
				LD_RUNPATH_SEARCH_PATHS = "$(inherited) @executable_path/Frameworks @loader_path/Frameworks";
				PRODUCT_BUNDLE_IDENTIFIER = Sheila.TresEnRayaUITests;
				PRODUCT_NAME = "$(TARGET_NAME)";
				SWIFT_VERSION = 3.0;
				TEST_TARGET_NAME = TresEnRaya;
			};
			name = Release;
		};
/* End XCBuildConfiguration section */

/* Begin XCConfigurationList section */
		339684B31DE75D4B005C6ABB /* Build configuration list for PBXProject "TresEnRaya" */ = {
			isa = XCConfigurationList;
			buildConfigurations = (
				339684DE1DE75D4B005C6ABB /* Debug */,
				339684DF1DE75D4B005C6ABB /* Release */,
			);
			defaultConfigurationIsVisible = 0;
			defaultConfigurationName = Release;
		};
		339684E01DE75D4B005C6ABB /* Build configuration list for PBXNativeTarget "TresEnRaya" */ = {
			isa = XCConfigurationList;
			buildConfigurations = (
				339684E11DE75D4B005C6ABB /* Debug */,
				339684E21DE75D4B005C6ABB /* Release */,
			);
			defaultConfigurationIsVisible = 0;
		};
		339684E31DE75D4B005C6ABB /* Build configuration list for PBXNativeTarget "TresEnRayaTests" */ = {
			isa = XCConfigurationList;
			buildConfigurations = (
				339684E41DE75D4B005C6ABB /* Debug */,
				339684E51DE75D4B005C6ABB /* Release */,
			);
			defaultConfigurationIsVisible = 0;
		};
		339684E61DE75D4B005C6ABB /* Build configuration list for PBXNativeTarget "TresEnRayaUITests" */ = {
			isa = XCConfigurationList;
			buildConfigurations = (
				339684E71DE75D4B005C6ABB /* Debug */,
				339684E81DE75D4B005C6ABB /* Release */,
			);
			defaultConfigurationIsVisible = 0;
		};
/* End XCConfigurationList section */
	};
	rootObject = 339684B01DE75D4B005C6ABB /* Project object */;
}
